
Microsoft Visual Studio Solution File, Format Version 12.00
# Visual Studio 2013
VisualStudioVersion = 12.0.21005.1
MinimumVisualStudioVersion = 10.0.40219.1
Project("{FAE04EC0-301F-11D3-BF4B-00C04F79EFBC}") = "PrintSCP", "PrintSCP\PrintSCP.csproj", "{DA0187F7-CA83-455D-991E-0A72180246EA}"
EndProject
Project("{FAE04EC0-301F-11D3-BF4B-00C04F79EFBC}") = "PrintSCU", "PrintSCU\PrintSCU.csproj", "{880F5E0B-E133-4E56-B965-147A0DEAF2CD}"
EndProject
Project("{FAE04EC0-301F-11D3-BF4B-00C04F79EFBC}") = "Demo", "Demo\Demo.csproj", "{A5BE6D44-A5D7-4CE1-ABFA-B0FFF29DDA2C}"
EndProject
Global
	GlobalSection(SolutionConfigurationPlatforms) = preSolution
		Debug|Any CPU = Debug|Any CPU
		Release|Any CPU = Release|Any CPU
	EndGlobalSection
	GlobalSection(ProjectConfigurationPlatforms) = postSolution
		{DA0187F7-CA83-455D-991E-0A72180246EA}.Debug|Any CPU.ActiveCfg = Debug|Any CPU
		{DA0187F7-CA83-455D-991E-0A72180246EA}.Debug|Any CPU.Build.0 = Debug|Any CPU
		{DA0187F7-CA83-455D-991E-0A72180246EA}.Release|Any CPU.ActiveCfg = Release|Any CPU
		{DA0187F7-CA83-455D-991E-0A72180246EA}.Release|Any CPU.Build.0 = Release|Any CPU
		{880F5E0B-E133-4E56-B965-147A0DEAF2CD}.Debug|Any CPU.ActiveCfg = Debug|Any CPU
		{880F5E0B-E133-4E56-B965-147A0DEAF2CD}.Debug|Any CPU.Build.0 = Debug|Any CPU
		{880F5E0B-E133-4E56-B965-147A0DEAF2CD}.Release|Any CPU.ActiveCfg = Release|Any CPU
		{880F5E0B-E133-4E56-B965-147A0DEAF2CD}.Release|Any CPU.Build.0 = Release|Any CPU
		{A5BE6D44-A5D7-4CE1-ABFA-B0FFF29DDA2C}.Debug|Any CPU.ActiveCfg = Debug|Any CPU
		{A5BE6D44-A5D7-4CE1-ABFA-B0FFF29DDA2C}.Debug|Any CPU.Build.0 = Debug|Any CPU
		{A5BE6D44-A5D7-4CE1-ABFA-B0FFF29DDA2C}.Release|Any CPU.ActiveCfg = Release|Any CPU
		{A5BE6D44-A5D7-4CE1-ABFA-B0FFF29DDA2C}.Release|Any CPU.Build.0 = Release|Any CPU
	EndGlobalSection
	GlobalSection(SolutionProperties) = preSolution
		HideSolutionNode = FALSE
	EndGlobalSection
EndGlobal
